
Microsoft Visual Studio Solution File, Format Version 12.00
# Visual Studio Version 16
VisualStudioVersion = 16.0.29418.71
MinimumVisualStudioVersion = 10.0.40219.1
Project("{FAE04EC0-301F-11D3-BF4B-00C04F79EFBC}") = "#{Namespace}", "#{Namespace}.csproj", "{CC86F50E-554F-456F-B919-9D059910C52F}"
EndProject
Global
	GlobalSection(SolutionConfigurationPlatforms) = preSolution
		Debug|Any CPU = Debug|Any CPU
		Release|Any CPU = Release|Any CPU
	EndGlobalSection
	GlobalSection(ProjectConfigurationPlatforms) = postSolution
		{CC86F50E-554F-456F-B919-9D059910C52F}.Debug|Any CPU.ActiveCfg = Debug|Any CPU
		{CC86F50E-554F-456F-B919-9D059910C52F}.Debug|Any CPU.Build.0 = Debug|Any CPU
		{CC86F50E-554F-456F-B919-9D059910C52F}.Release|Any CPU.ActiveCfg = Release|Any CPU
		{CC86F50E-554F-456F-B919-9D059910C52F}.Release|Any CPU.Build.0 = Release|Any CPU
	EndGlobalSection
	GlobalSection(SolutionProperties) = preSolution
		HideSolutionNode = FALSE
	EndGlobalSection
	GlobalSection(ExtensibilityGlobals) = postSolution
		SolutionGuid = {5437CB88-6594-4A79-80E8-92DCB1AD7795}
	EndGlobalSection
EndGlobal
